
Microsoft Visual Studio Solution File, Format Version 12.00
# Visual Studio Version 17
VisualStudioVersion = 17.8.34511.84
MinimumVisualStudioVersion = 10.0.40219.1
Project("{9A19103F-16F7-4668-BE54-9A1E7A4F7556}") = "StudentApi", "StudentApi\StudentApi.csproj", "{986E8765-D5AE-43C3-8C20-2CB7EA80FB2A}"
EndProject
Global
	GlobalSection(SolutionConfigurationPlatforms) = preSolution
		Debug|Any CPU = Debug|Any CPU
		Release|Any CPU = Release|Any CPU
	EndGlobalSection
	GlobalSection(ProjectConfigurationPlatforms) = postSolution
		{986E8765-D5AE-43C3-8C20-2CB7EA80FB2A}.Debug|Any CPU.ActiveCfg = Debug|Any CPU
		{986E8765-D5AE-43C3-8C20-2CB7EA80FB2A}.Debug|Any CPU.Build.0 = Debug|Any CPU
		{986E8765-D5AE-43C3-8C20-2CB7EA80FB2A}.Release|Any CPU.ActiveCfg = Release|Any CPU
		{986E8765-D5AE-43C3-8C20-2CB7EA80FB2A}.Release|Any CPU.Build.0 = Release|Any CPU
	EndGlobalSection
	GlobalSection(SolutionProperties) = preSolution
		HideSolutionNode = FALSE
	EndGlobalSection
	GlobalSection(ExtensibilityGlobals) = postSolution
		SolutionGuid = {D3481822-8F64-4473-B66C-93A7A2D571FC}
	EndGlobalSection
EndGlobal
